#
# This file is autogenerated by pip-compile
# To update, run:
#
#    pip-compile --generate-hashes --output-file=requirements/lock/development.lock requirements/development.txt
#
absl-py==0.12.0 \
    --hash=sha256:afe94e3c751ff81aad55d33ab6e630390da32780110b5af72ae81ecff8418d9e \
    --hash=sha256:b44f68984a5ceb2607d135a615999b93924c771238a63920d17d3387b0d229d5
    # via
    #   tensorboard
    #   tensorflow
astroid==2.5.6 \
    --hash=sha256:4db03ab5fc3340cf619dbc25e42c2cc3755154ce6009469766d7143d1fc2ee4e \
    --hash=sha256:8a398dfce302c13f14bab13e2b14fe385d32b73f4e4853b9bdfb64598baa1975
    # via pylint
astunparse==1.6.3 \
    --hash=sha256:5ad93a8456f0d084c3456d059fd9a92cce667963232cbf763eac3bc5b7940872 \
    --hash=sha256:c2652417f2c8b5bb325c885ae329bdf3f86424075c4fd1a128674bc6fba4b8e8
    # via tensorflow
attrs==21.2.0 \
    --hash=sha256:149e90d6d8ac20db7a955ad60cf0e6881a3f20d37096140088356da6c716b0b1 \
    --hash=sha256:ef6aaac3ca6cd92904cdd0d83f629a15f18053ec84e6432106f7a4d04ae4f5fb
    # via pytest
autopep8==1.5.7 \
    --hash=sha256:276ced7e9e3cb22e5d7c14748384a5cf5d9002257c0ed50c0e075b68011bb6d0 \
    --hash=sha256:aa213493c30dcdac99537249ee65b24af0b2c29f2e83cd8b3f68760441ed0db9
    # via -r requirements/development.txt
cachetools==4.2.2 \
    --hash=sha256:2cc0b89715337ab6dbba85b5b50effe2b0c74e035d83ee8ed637cf52f12ae001 \
    --hash=sha256:61b5ed1e22a0924aed1d23b478f37e8d52549ff8a961de2909c69bf950020cff
    # via google-auth
certifi==2020.12.5 \
    --hash=sha256:1a4995114262bffbc2413b159f2a1a480c969de6e6eb13ee966d470af86af59c \
    --hash=sha256:719a74fb9e33b9bd44cc7f3a8d94bc35e4049deebe19ba7d8e108280cfd59830
    # via requests
chardet==4.0.0 \
    --hash=sha256:0d6f53a15db4120f2b08c94f11e7d93d2c911ee118b6b30a04ec3ee8310179fa \
    --hash=sha256:f864054d66fd9118f2e67044ac8981a54775ec5b67aed0441892edb553d21da5
    # via requests
click==8.0.1 \
    --hash=sha256:8c04c11192119b1ef78ea049e0a6f0463e4c48ef00a30160c704337586f3ad7a \
    --hash=sha256:fba402a4a47334742d782209a7c79bc448911afe1149d07bdabdf480b3e2f4b6
    # via pip-tools
debugpy==1.3.0 \
    --hash=sha256:028fd23004a4f86e37767efa1c285ee74ee2c5cd9b02f9dff62be0ce17429ad9 \
    --hash=sha256:04b6730cc4149d3fd947e351e8a2cf18cd31fd4c8ba46872921dd54c4eee2acc \
    --hash=sha256:062b87923f78636217617c8de2c16c9846612f30d12f3b51c0eb194739963003 \
    --hash=sha256:068db6d85b69500f76fb28ac2b8d6dcedb6d9e405fbffb39489651eb56e793f0 \
    --hash=sha256:0777fff5d8ce086383bbb6017ab7a4300f29c02565aa72a4533f0c815898d44b \
    --hash=sha256:0ba4dd246588740f17725841be08c7368c1f2df706bb65dd85998c5809809c8e \
    --hash=sha256:0c017a26a489cf6c57fd9a51ec33718275d15cbb19cc29097e7efb0492a1def4 \
    --hash=sha256:1478532ed5d29626cf2acbe58213a22ce6d86af9b57716d2e4824a5ae750418b \
    --hash=sha256:1b7929baf506d897d170adbb9a99b83b6453acb2d7b10780eb46cb697522529c \
    --hash=sha256:231851bec777e210cebb247b8a57ae35d4bc213b190b05d95556e52a0a765ccf \
    --hash=sha256:29252f8253b1cbd5a4786d41d0d44835bd8152f910af109a48eebf1d0b66a40c \
    --hash=sha256:2a8246403058457e8f777853af52a61402cf8596d6b9442de1112038495b5603 \
    --hash=sha256:313bcd88d40a65a6a9032ecd3aa83099f759839ec80677bac70285aa025112ba \
    --hash=sha256:33ce42e58977d811d974a1f30352d2822a0f2e7160f0e6211753da3027fcf442 \
    --hash=sha256:37d06369b46d2013768494cf18e0568834d89ba52698a695358d12411ac9cf65 \
    --hash=sha256:4558ac356f3a6d46d3b3fb92bf4c053b87fd3903cf4022f10425e811c62a0514 \
    --hash=sha256:54109c9cbce8e96986a943812de8536d001130bce27d1a370b0c39bc7d6ef619 \
    --hash=sha256:5f7aeae9c8d7b77d8bad23d82723585949d4ef32fc4eb769e28f1d33319a28b0 \
    --hash=sha256:61c6c77b3ea3098dfd78f2ff4ce27565145a293af995f817f2475d02a2145b6d \
    --hash=sha256:63acc9e755c1ae426c223b0596ac098b773a633091121c997086b7bd50faa1e0 \
    --hash=sha256:68905f3bc59b7d903724e040f80bd89c9d649d67473f09d6912908a4c46f971e \
    --hash=sha256:709bc213b0b31665e00a3547cb92b2760b948b6473dbd56fe0a5ff1fa1202e80 \
    --hash=sha256:71ab9068e87a28cfbb7a7db041a946ac5493d45d0c61280021af038e14a64232 \
    --hash=sha256:71f634cf1eb52c825a000300e031c52e789337754237745a4d31560ce0041c9c \
    --hash=sha256:72c3cb415cdf42c7ff26ee2aebe3095bc136ed3065d1f60d76feebe47b1980a6 \
    --hash=sha256:7a1df03e909e8b3f9eb45e2d3495e290df8fe9df1b903957b144125635b5ecf6 \
    --hash=sha256:7cd804d531e6c932ffb87766746bca111c9470b6c7877340df9ed3edd66d7c7c \
    --hash=sha256:813075f9ff6795187417109fff11819b23a92169b98b56837d2a9c06eb81f15e \
    --hash=sha256:81cfd83a911b454c36b677d0bc722c35acd978e1856d5550e71c1226af9c143c \
    --hash=sha256:8ca653751aa728cf620c8fddc9c6200511fcc2e7d0a6ed615d246fdca1df5201 \
    --hash=sha256:8e26ce355631f80f044bf0c97fd2d8db0b83b43b6fa8abac956108e58c79f522 \
    --hash=sha256:8e3002cfb2ebf570f19fd060950e459a071630f6767f7e44804ac5a67ef57baf \
    --hash=sha256:91ff6c5ea619a0a3bfdc49587d2f05198c1849d8888632f96d2f855e4e88a21a \
    --hash=sha256:98c76193a924baddfbffd329a03d9d5722b0ea86a777db40263f257555ab0dba \
    --hash=sha256:996439d56a0a2f38ea2c0a4d88874a56815585120a3dedd03422b1e3678875f1 \
    --hash=sha256:9b4304cc2ddedcefdc7ac0d6499a246aff6c981b58bfbd89f4103c0584e200e5 \
    --hash=sha256:9c3cb1f0324dcaf5e1dcc64013dbe959112724c8f58a558fc804741a54a90f14 \
    --hash=sha256:9c858b3bc1a28b30d06df0bdb02a7a5e7a146f986b0d5e4c438cc1940d121bce \
    --hash=sha256:a24d65a295875d6f7b063bbc100240523537aff3380d33c1205819ebf213e340 \
    --hash=sha256:a332717a0778d55ca4629fb0b4a016affa06151a9822af940552497a77aac7ce \
    --hash=sha256:a696ac566adc8b6aca3e7eb3bd2bd7b71d61f4721f42bf2e504f4166769ea4d3 \
    --hash=sha256:b3e2d0256736e77acfa1c05c35ed0f7b00a17a7d7da45e47d0705c5a2fc31256 \
    --hash=sha256:bcdffa215de49033aac273facbc4c2413a137b6e2b6694ac7ae04a88f38e4eba \
    --hash=sha256:bd307ceabb2b17328e84cc0416bd6c0181de78d4f920510017f4fc7590afc2d9 \
    --hash=sha256:c28a4a74082bf7c06553e5002ad505d4119d0b4425a70570368082bcb222d8f2 \
    --hash=sha256:cd3e74f465bb71122481c27688cf09a3dd13fae18df30abfd51e513811fc7873 \
    --hash=sha256:d1254de50f25623df4ff90512f4dd5734874438680f6ad284daa9af1c622f504 \
    --hash=sha256:d15b0be81c9a448346ed0a7c19d9c88f60ccfb53f66e5e4ec99320d9dcd4fe4e \
    --hash=sha256:d53e7b8dba67b390b43d891fd5459c49499fb274748ced89cada1f7dad95c414 \
    --hash=sha256:d678f48f2fd14716839e7e5b560eacbebddb0cc95832998dd020010e20a1cd9e \
    --hash=sha256:dd1f907b2ea8b57dd26c315bd5c907a147f9b5f28ffec092c2572cab6d57e332 \
    --hash=sha256:de28c434abb8179b05afaa8a0447fff36980f397ef6c64a6c825a26c5258b67f \
    --hash=sha256:de92459af4b0079437fae79f10469488ef1566942028847e4bac780e079a5a88 \
    --hash=sha256:e658b89c9e3eab39bbbe56d3e086ffc0b3266817788cb5aa6669f194620b3951 \
    --hash=sha256:e6f344db72fa9773ab52a1f527bb1b517e8426a13611a68aae5db587d1996bc1 \
    --hash=sha256:fab455f6c811f98f3d669b23eb99623200929eef9c0a8a8f1052aeba89346f93
    # via -r requirements/development.txt
flatbuffers==1.12 \
    --hash=sha256:63bb9a722d5e373701913e226135b28a6f6ac200d5cc7b4d919fa38d73b44610 \
    --hash=sha256:9e9ef47fa92625c4721036e7c4124182668dc6021d9e7c73704edd395648deb9
    # via tensorflow
gast==0.4.0 \
    --hash=sha256:40feb7b8b8434785585ab224d1568b857edb18297e5a3047f1ba012bc83b42c1 \
    --hash=sha256:b7adcdd5adbebf1adf17378da5ba3f543684dbec47b1cda1f3997e573cd542c4
    # via tensorflow
glob2==0.7 \
    --hash=sha256:85c3dbd07c8aa26d63d7aacee34fa86e9a91a3873bc30bf62ec46e531f92ab8c
    # via pytest-bdd
google-auth-oauthlib==0.4.4 \
    --hash=sha256:09832c6e75032f93818edf1affe4746121d640c625a5bef9b5c96af676e98eee \
    --hash=sha256:0e92aacacfb94978de3b7972cf4b0f204c3cd206f74ddd0dc0b31e91164e6317
    # via tensorboard
google-auth==1.30.0 \
    --hash=sha256:588bdb03a41ecb4978472b847881e5518b5d9ec6153d3d679aa127a55e13b39f \
    --hash=sha256:9ad25fba07f46a628ad4d0ca09f38dcb262830df2ac95b217f9b0129c9e42206
    # via
    #   google-auth-oauthlib
    #   tensorboard
google-pasta==0.2.0 \
    --hash=sha256:4612951da876b1a10fe3960d7226f0c7682cf901e16ac06e473b267a5afa8954 \
    --hash=sha256:b32482794a366b5366a32c92a9a9201b107821889935a02b3e51f6b432ea84ed \
    --hash=sha256:c9f2c8dfc8f96d0d5808299920721be30c9eec37f2389f28904f454565c8a16e
    # via tensorflow
grpcio==1.34.1 \
    --hash=sha256:011e9b5e47cb9d2a808e8c2dd5ae86df085d5879d9e8095a24631a32c577f231 \
    --hash=sha256:0bd906496b9dd3751b9e5cacc7ceb25a57c16ce2aa67315b85ee86a4ba7246f1 \
    --hash=sha256:11735ac4efd53691afeb36d006e20db9b7d4b6f3356c751f32d5747aee38fa4c \
    --hash=sha256:121af89d0b9ba1d47c738242783675009dd4e9067359481e4b743eb9e5886682 \
    --hash=sha256:163a2cf7f4df3ff0a04f49e634526e3d88f02393a7ebf8f34a2134c88b06322e \
    --hash=sha256:1857f88b351e2382aa57ed892960361a8b71acca4aa1b90998007b4177f15114 \
    --hash=sha256:1be193803c706f78d0df12c817eaf2415fb4d39472fa00d860700e6c7a99f8f7 \
    --hash=sha256:1c746a3cd8a830d8d916a9d0476a786aaa98c5cc2a096344af2be955e439f8ac \
    --hash=sha256:2b97cdd4582445ad7bd441f5f3c57d838bcdc518a05713dab0c7f4b945afb39e \
    --hash=sha256:49ffc5bb78b201db24d8d1644193beb50a896c3cb35b259b4fb9c44dba18585f \
    --hash=sha256:5971e6dfcfa0ebeb0df2d15383e1b53fa36208198c8aff9a4eed5ece2a6d4571 \
    --hash=sha256:5c4402fd8ce28e2847112105591139dc121c8980770f683eb781be1568a64097 \
    --hash=sha256:5e488a40ebeb883117aa0dba2cea410ef2ab545a2403b2ac9101e62d42808c71 \
    --hash=sha256:696f0de4d47f738063432bbbcecd07f78256864f0839e41369458421f539f00a \
    --hash=sha256:6f81fbf9f830e20aee93480305877f73f15bfa58fa87433eb331696be47ae7ba \
    --hash=sha256:7924ef3a898f6ff985540ee5d8c7554f0c925dc7668c3d63461600ea50b39658 \
    --hash=sha256:79bda20756e2fc7236b94468ffcce4b516953f946a80b7ea883f89d9e9b25a41 \
    --hash=sha256:809732f300fa8093b40f843c36f6f78423ffb40493098185bc4a96bd67126db5 \
    --hash=sha256:8a543209ab606dd55c58dc218be8e8619214607f03717dded78c7d27f1d05ba5 \
    --hash=sha256:8b16d14160b7fd8bc43600be70e0da677d17dd8aafb5a258bbda996fe410320e \
    --hash=sha256:8dad4184e4669672e126de26776eba8e3db4914660b4a0a6c7edbdbcf3e2f05f \
    --hash=sha256:8fff784ec5d12252a7cc0ab6f1a3206861b94e45ee0ebeba2439bd10a6db2f1a \
    --hash=sha256:90a4799c15b8b5aa587f65650a0cea28ea88bcd2c5fdf4f1adb2b8b7b4e77a5e \
    --hash=sha256:96dc85c059f15390beb7ac6bf075d1e4cf72e8f5c9b6c37ea179b7cc579816fd \
    --hash=sha256:98c06f0f7feeca736cc98f3f46b9b74c5f5fdc5febfc7d72728d1895c57be87f \
    --hash=sha256:9d43849d8925ec24bf121bccd941a13d4e8c2cffdfa769a04a6d4ed38c6b88a2 \
    --hash=sha256:9e465a1d594a9a5f4252c4abbb93909c42768bee5fbfcd18098d60bf06a35573 \
    --hash=sha256:a181092b534e996e36d0c0216d81280d4942322170c823b2fb84ec4597dc0bd5 \
    --hash=sha256:b5e96ca83d5c34c9b60d8951e52492b0d9d072c3fe38a1c19765932e121036ce \
    --hash=sha256:c4355fa382dfc71c130dc3eccd8ae606a13e1729be2a77b6c44cd5a130d0c616 \
    --hash=sha256:c6f756c11144c7ecb51b87f0d60a4b72e05635b9f24ddfa004286ab0c8527fa0 \
    --hash=sha256:cadc09c9bd24ecf3ba7ae55b5a741f7de694a8843e97e82a7c3fa2e6e81e0f9a \
    --hash=sha256:cd4da71e105088b1a7e629d1b033f16d87dec08524d0e4f5d77982af6fe1b6c2 \
    --hash=sha256:cfe0e015cb8db5a27a92621fdd9dc8e69b2f7130db326601802e6ff36626deff \
    --hash=sha256:d757bc8bb12f07014dde55a04b5261c94828b605cf0726d02d491c3dc71aa6bb \
    --hash=sha256:ec6d1b3daed886a73e40b4dc553474ef415acc111e913d7324cc2c6b0ba9efe0 \
    --hash=sha256:ece7459c182e00ca90b2e5823940a552651b5eb3acdeee9350377ddb44d9c412 \
    --hash=sha256:ed8ac4f76cbbef5dc54594cb7bf6fbb985f5be66abcb1f9da8142500e4d76492 \
    --hash=sha256:f1a8048428a7a1e5b12322b3ee44ee0bb8e1bea1d67f08fa1813c455f3ef638c \
    --hash=sha256:f6fee4445cffb45593b4c1d9bb0bc7922e77ec846a1237e2e744b1223d69c863 \
    --hash=sha256:f74cb93cd090b07528cf586a18628370e5780c08e0239f4af796f60a5e773568 \
    --hash=sha256:f74f270550df347a18f839331f84838b938c8923a9e13a6fa7cc69c79087a686 \
    --hash=sha256:fd58ea88dd5439e03c6587f0b672db1627ec8ed47be312c74632650dfed33c2e \
    --hash=sha256:fe9360347a3f4f2ec6923d8afb03a9194f3f14e054cb09e75e8346af9c0aa9f6 \
    --hash=sha256:ff760c5ce73c177851864e8caaf75467eaf06c1b6857b21e1789658375e720fb \
    --hash=sha256:ff8aef869c2e9de65c3a693406f7d1200d87e6d541d096eae69f98e7f301fa60
    # via
    #   tensorboard
    #   tensorflow
h5py==3.1.0 \
    --hash=sha256:02c391fdb980762a1cc03a4bcaecd03dc463994a9a63a02264830114a96e111f \
    --hash=sha256:1cd367f89a5441236bdbb795e9fb9a9e3424929c00b4a54254ca760437f83d69 \
    --hash=sha256:1cdfd1c5449ca1329d152f0b66830e93226ebce4f5e07dd8dc16bfc2b1a49d7b \
    --hash=sha256:1e2516f190652beedcb8c7acfa1c6fa92d99b42331cbef5e5c7ec2d65b0fc3c2 \
    --hash=sha256:236ac8d943be30b617ab615c3d4a4bf4a438add2be87e54af3687ab721a18fac \
    --hash=sha256:2e37352ddfcf9d77a2a47f7c8f7e125c6d20cc06c2995edeb7be222d4e152636 \
    --hash=sha256:80c623be10479e81b64fa713b7ed4c0bbe9f02e8e7d2a2e5382336087b615ce4 \
    --hash=sha256:ba71f6229d2013fbb606476ecc29c6223fc16b244d35fcd8566ad9dbaf910857 \
    --hash=sha256:cb74df83709d6d03d11e60b9480812f58da34f194beafa8c8314dbbeeedfe0a6 \
    --hash=sha256:dccb89358bc84abcd711363c3e138f9f4eccfdf866f2139a8e72308328765b2c \
    --hash=sha256:e33f61d3eb862614c0f273a1f993a64dc2f093e1a3094932c50ada9d2db2170f \
    --hash=sha256:f89a3dae38843ffa49d17a31a3509a8129e9b46ece602a0138e1ed79e685c361 \
    --hash=sha256:fea05349f63625a8fb808e57e42bb4c76930cf5d50ac58b678c52f913a48a89b
    # via tensorflow
idna==2.10 \
    --hash=sha256:b307872f855b18632ce0c21c5e45be78c0ea7ae4c15c828c20788b26921eb3f6 \
    --hash=sha256:b97d804b1e9b523befed77c48dacec60e6dcb0b5391d57af6a65a312a90648c0
    # via requests
iniconfig==1.1.1 \
    --hash=sha256:011e24c64b7f47f6ebd835bb12a743f2fbe9a26d4cecaa7f53bc4f35ee9da8b3 \
    --hash=sha256:bc3af051d7d14b2ee5ef9969666def0cd1a000e121eaea580d4a313df4b37f32
    # via pytest
isort==5.8.0 \
    --hash=sha256:0a943902919f65c5684ac4e0154b1ad4fac6dcaa5d9f3426b732f1c8b5419be6 \
    --hash=sha256:2bb1680aad211e3c9944dbce1d4ba09a989f04e238296c87fe2139faa26d655d
    # via pylint
keras-nightly==2.5.0.dev2021032900 \
    --hash=sha256:6ba70f738f4008222de7e7fdd5b2b18c48c49b897a9fca54c844854e25964011
    # via tensorflow
keras-preprocessing==1.1.2 \
    --hash=sha256:7b82029b130ff61cc99b55f3bd27427df4838576838c5b2f65940e4fcec99a7b \
    --hash=sha256:add82567c50c8bc648c14195bf544a5ce7c1f76761536956c3d2978970179ef3
    # via tensorflow
lazy-object-proxy==1.6.0 \
    --hash=sha256:17e0967ba374fc24141738c69736da90e94419338fd4c7c7bef01ee26b339653 \
    --hash=sha256:1fee665d2638491f4d6e55bd483e15ef21f6c8c2095f235fef72601021e64f61 \
    --hash=sha256:22ddd618cefe54305df49e4c069fa65715be4ad0e78e8d252a33debf00f6ede2 \
    --hash=sha256:24a5045889cc2729033b3e604d496c2b6f588c754f7a62027ad4437a7ecc4837 \
    --hash=sha256:410283732af311b51b837894fa2f24f2c0039aa7f220135192b38fcc42bd43d3 \
    --hash=sha256:4732c765372bd78a2d6b2150a6e99d00a78ec963375f236979c0626b97ed8e43 \
    --hash=sha256:489000d368377571c6f982fba6497f2aa13c6d1facc40660963da62f5c379726 \
    --hash=sha256:4f60460e9f1eb632584c9685bccea152f4ac2130e299784dbaf9fae9f49891b3 \
    --hash=sha256:5743a5ab42ae40caa8421b320ebf3a998f89c85cdc8376d6b2e00bd12bd1b587 \
    --hash=sha256:85fb7608121fd5621cc4377a8961d0b32ccf84a7285b4f1d21988b2eae2868e8 \
    --hash=sha256:9698110e36e2df951c7c36b6729e96429c9c32b3331989ef19976592c5f3c77a \
    --hash=sha256:9d397bf41caad3f489e10774667310d73cb9c4258e9aed94b9ec734b34b495fd \
    --hash=sha256:b579f8acbf2bdd9ea200b1d5dea36abd93cabf56cf626ab9c744a432e15c815f \
    --hash=sha256:b865b01a2e7f96db0c5d12cfea590f98d8c5ba64ad222300d93ce6ff9138bcad \
    --hash=sha256:bf34e368e8dd976423396555078def5cfc3039ebc6fc06d1ae2c5a65eebbcde4 \
    --hash=sha256:c6938967f8528b3668622a9ed3b31d145fab161a32f5891ea7b84f6b790be05b \
    --hash=sha256:d1c2676e3d840852a2de7c7d5d76407c772927addff8d742b9808fe0afccebdf \
    --hash=sha256:d7124f52f3bd259f510651450e18e0fd081ed82f3c08541dffc7b94b883aa981 \
    --hash=sha256:d900d949b707778696fdf01036f58c9876a0d8bfe116e8d220cfd4b15f14e741 \
    --hash=sha256:ebfd274dcd5133e0afae738e6d9da4323c3eb021b3e13052d8cbd0e457b1256e \
    --hash=sha256:ed361bb83436f117f9917d282a456f9e5009ea12fd6de8742d1a4752c3017e93 \
    --hash=sha256:f5144c75445ae3ca2057faac03fda5a902eff196702b0a24daf1d6ce0650514b
    # via astroid
mako==1.1.4 \
    --hash=sha256:17831f0b7087c313c0ffae2bcbbd3c1d5ba9eeac9c38f2eb7b50e8c99fe9d5ab \
    --hash=sha256:aea166356da44b9b830c8023cd9b557fa856bd8b4035d6de771ca027dfc5cc6e
    # via pytest-bdd
markdown==3.3.4 \
    --hash=sha256:31b5b491868dcc87d6c24b7e3d19a0d730d59d3e46f4eea6430a321bed387a49 \
    --hash=sha256:96c3ba1261de2f7547b46a00ea8463832c921d3f9d6aba3f255a6f71386db20c
    # via tensorboard
markupsafe==2.0.1 \
    --hash=sha256:01a9b8ea66f1658938f65b93a85ebe8bc016e6769611be228d797c9d998dd298 \
    --hash=sha256:023cb26ec21ece8dc3907c0e8320058b2e0cb3c55cf9564da612bc325bed5e64 \
    --hash=sha256:0446679737af14f45767963a1a9ef7620189912317d095f2d9ffa183a4d25d2b \
    --hash=sha256:0717a7390a68be14b8c793ba258e075c6f4ca819f15edfc2a3a027c823718567 \
    --hash=sha256:0955295dd5eec6cb6cc2fe1698f4c6d84af2e92de33fbcac4111913cd100a6ff \
    --hash=sha256:10f82115e21dc0dfec9ab5c0223652f7197feb168c940f3ef61563fc2d6beb74 \
    --hash=sha256:1d609f577dc6e1aa17d746f8bd3c31aa4d258f4070d61b2aa5c4166c1539de35 \
    --hash=sha256:2ef54abee730b502252bcdf31b10dacb0a416229b72c18b19e24a4509f273d26 \
    --hash=sha256:3c112550557578c26af18a1ccc9e090bfe03832ae994343cfdacd287db6a6ae7 \
    --hash=sha256:47ab1e7b91c098ab893b828deafa1203de86d0bc6ab587b160f78fe6c4011f75 \
    --hash=sha256:49e3ceeabbfb9d66c3aef5af3a60cc43b85c33df25ce03d0031a608b0a8b2e3f \
    --hash=sha256:4efca8f86c54b22348a5467704e3fec767b2db12fc39c6d963168ab1d3fc9135 \
    --hash=sha256:53edb4da6925ad13c07b6d26c2a852bd81e364f95301c66e930ab2aef5b5ddd8 \
    --hash=sha256:594c67807fb16238b30c44bdf74f36c02cdf22d1c8cda91ef8a0ed8dabf5620a \
    --hash=sha256:611d1ad9a4288cf3e3c16014564df047fe08410e628f89805e475368bd304914 \
    --hash=sha256:6557b31b5e2c9ddf0de32a691f2312a32f77cd7681d8af66c2692efdbef84c18 \
    --hash=sha256:693ce3f9e70a6cf7d2fb9e6c9d8b204b6b39897a2c4a1aa65728d5ac97dcc1d8 \
    --hash=sha256:6a7fae0dd14cf60ad5ff42baa2e95727c3d81ded453457771d02b7d2b3f9c0c2 \
    --hash=sha256:6c4ca60fa24e85fe25b912b01e62cb969d69a23a5d5867682dd3e80b5b02581d \
    --hash=sha256:7d91275b0245b1da4d4cfa07e0faedd5b0812efc15b702576d103293e252af1b \
    --hash=sha256:905fec760bd2fa1388bb5b489ee8ee5f7291d692638ea5f67982d968366bef9f \
    --hash=sha256:97383d78eb34da7e1fa37dd273c20ad4320929af65d156e35a5e2d89566d9dfb \
    --hash=sha256:984d76483eb32f1bcb536dc27e4ad56bba4baa70be32fa87152832cdd9db0833 \
    --hash=sha256:a30e67a65b53ea0a5e62fe23682cfe22712e01f453b95233b25502f7c61cb415 \
    --hash=sha256:ab3ef638ace319fa26553db0624c4699e31a28bb2a835c5faca8f8acf6a5a902 \
    --hash=sha256:b2f4bf27480f5e5e8ce285a8c8fd176c0b03e93dcc6646477d4630e83440c6a9 \
    --hash=sha256:b7f2d075102dc8c794cbde1947378051c4e5180d52d276987b8d28a3bd58c17d \
    --hash=sha256:be98f628055368795d818ebf93da628541e10b75b41c559fdf36d104c5787066 \
    --hash=sha256:d7f9850398e85aba693bb640262d3611788b1f29a79f0c93c565694658f4071f \
    --hash=sha256:f5653a225f31e113b152e56f154ccbe59eeb1c7487b39b9d9f9cdb58e6c79dc5 \
    --hash=sha256:f826e31d18b516f653fe296d967d700fddad5901ae07c622bb3705955e1faa94 \
    --hash=sha256:f8ba0e8349a38d3001fae7eadded3f6606f0da5d748ee53cc1dab1d6527b9509 \
    --hash=sha256:f9081981fe268bd86831e5c75f7de206ef275defcb82bc70740ae6dc507aee51 \
    --hash=sha256:fa130dd50c57d53368c9d59395cb5526eda596d3ffe36666cd81a44d56e48872
    # via mako
mccabe==0.6.1 \
    --hash=sha256:ab8a6258860da4b6677da4bd2fe5dc2c659cff31b3ee4f7f5d64e79735b80d42 \
    --hash=sha256:dd8d182285a0fe56bace7f45b5e7d1a6ebcbf524e8f3bd87eb0f125271b8831f
    # via pylint
mypy-extensions==0.4.3 \
    --hash=sha256:090fedd75945a69ae91ce1303b5824f428daf5a028d2f6ab8a299250a846f15d \
    --hash=sha256:2d82818f5bb3e369420cb3c4060a7970edba416647068eb4c5343488a6c604a8
    # via mypy
mypy==0.812 \
    --hash=sha256:0d0a87c0e7e3a9becdfbe936c981d32e5ee0ccda3e0f07e1ef2c3d1a817cf73e \
    --hash=sha256:25adde9b862f8f9aac9d2d11971f226bd4c8fbaa89fb76bdadb267ef22d10064 \
    --hash=sha256:28fb5479c494b1bab244620685e2eb3c3f988d71fd5d64cc753195e8ed53df7c \
    --hash=sha256:2f9b3407c58347a452fc0736861593e105139b905cca7d097e413453a1d650b4 \
    --hash=sha256:33f159443db0829d16f0a8d83d94df3109bb6dd801975fe86bacb9bf71628e97 \
    --hash=sha256:3f2aca7f68580dc2508289c729bd49ee929a436208d2b2b6aab15745a70a57df \
    --hash=sha256:499c798053cdebcaa916eef8cd733e5584b5909f789de856b482cd7d069bdad8 \
    --hash=sha256:4eec37370483331d13514c3f55f446fc5248d6373e7029a29ecb7b7494851e7a \
    --hash=sha256:552a815579aa1e995f39fd05dde6cd378e191b063f031f2acfe73ce9fb7f9e56 \
    --hash=sha256:5873888fff1c7cf5b71efbe80e0e73153fe9212fafdf8e44adfe4c20ec9f82d7 \
    --hash=sha256:61a3d5b97955422964be6b3baf05ff2ce7f26f52c85dd88db11d5e03e146a3a6 \
    --hash=sha256:674e822aa665b9fd75130c6c5f5ed9564a38c6cea6a6432ce47eafb68ee578c5 \
    --hash=sha256:7ce3175801d0ae5fdfa79b4f0cfed08807af4d075b402b7e294e6aa72af9aa2a \
    --hash=sha256:9743c91088d396c1a5a3c9978354b61b0382b4e3c440ce83cf77994a43e8c521 \
    --hash=sha256:9f94aac67a2045ec719ffe6111df543bac7874cee01f41928f6969756e030564 \
    --hash=sha256:a26f8ec704e5a7423c8824d425086705e381b4f1dfdef6e3a1edab7ba174ec49 \
    --hash=sha256:abf7e0c3cf117c44d9285cc6128856106183938c68fd4944763003decdcfeb66 \
    --hash=sha256:b09669bcda124e83708f34a94606e01b614fa71931d356c1f1a5297ba11f110a \
    --hash=sha256:cd07039aa5df222037005b08fbbfd69b3ab0b0bd7a07d7906de75ae52c4e3119 \
    --hash=sha256:d23e0ea196702d918b60c8288561e722bf437d82cb7ef2edcd98cfa38905d506 \
    --hash=sha256:d65cc1df038ef55a99e617431f0553cd77763869eebdf9042403e16089fe746c \
    --hash=sha256:d7da2e1d5f558c37d6e8c1246f1aec1e7349e4913d8fb3cb289a35de573fe2eb
    # via -r requirements/development.txt
numpy==1.19.5 \
    --hash=sha256:012426a41bc9ab63bb158635aecccc7610e3eff5d31d1eb43bc099debc979d94 \
    --hash=sha256:06fab248a088e439402141ea04f0fffb203723148f6ee791e9c75b3e9e82f080 \
    --hash=sha256:0eef32ca3132a48e43f6a0f5a82cb508f22ce5a3d6f67a8329c81c8e226d3f6e \
    --hash=sha256:1ded4fce9cfaaf24e7a0ab51b7a87be9038ea1ace7f34b841fe3b6894c721d1c \
    --hash=sha256:2e55195bc1c6b705bfd8ad6f288b38b11b1af32f3c8289d6c50d47f950c12e76 \
    --hash=sha256:2ea52bd92ab9f768cc64a4c3ef8f4b2580a17af0a5436f6126b08efbd1838371 \
    --hash=sha256:36674959eed6957e61f11c912f71e78857a8d0604171dfd9ce9ad5cbf41c511c \
    --hash=sha256:384ec0463d1c2671170901994aeb6dce126de0a95ccc3976c43b0038a37329c2 \
    --hash=sha256:39b70c19ec771805081578cc936bbe95336798b7edf4732ed102e7a43ec5c07a \
    --hash=sha256:400580cbd3cff6ffa6293df2278c75aef2d58d8d93d3c5614cd67981dae68ceb \
    --hash=sha256:43d4c81d5ffdff6bae58d66a3cd7f54a7acd9a0e7b18d97abb255defc09e3140 \
    --hash=sha256:50a4a0ad0111cc1b71fa32dedd05fa239f7fb5a43a40663269bb5dc7877cfd28 \
    --hash=sha256:603aa0706be710eea8884af807b1b3bc9fb2e49b9f4da439e76000f3b3c6ff0f \
    --hash=sha256:6149a185cece5ee78d1d196938b2a8f9d09f5a5ebfbba66969302a778d5ddd1d \
    --hash=sha256:759e4095edc3c1b3ac031f34d9459fa781777a93ccc633a472a5468587a190ff \
    --hash=sha256:7fb43004bce0ca31d8f13a6eb5e943fa73371381e53f7074ed21a4cb786c32f8 \
    --hash=sha256:811daee36a58dc79cf3d8bdd4a490e4277d0e4b7d103a001a4e73ddb48e7e6aa \
    --hash=sha256:8b5e972b43c8fc27d56550b4120fe6257fdc15f9301914380b27f74856299fea \
    --hash=sha256:99abf4f353c3d1a0c7a5f27699482c987cf663b1eac20db59b8c7b061eabd7fc \
    --hash=sha256:a0d53e51a6cb6f0d9082decb7a4cb6dfb33055308c4c44f53103c073f649af73 \
    --hash=sha256:a12ff4c8ddfee61f90a1633a4c4afd3f7bcb32b11c52026c92a12e1325922d0d \
    --hash=sha256:a4646724fba402aa7504cd48b4b50e783296b5e10a524c7a6da62e4a8ac9698d \
    --hash=sha256:a76f502430dd98d7546e1ea2250a7360c065a5fdea52b2dffe8ae7180909b6f4 \
    --hash=sha256:a9d17f2be3b427fbb2bce61e596cf555d6f8a56c222bd2ca148baeeb5e5c783c \
    --hash=sha256:ab83f24d5c52d60dbc8cd0528759532736b56db58adaa7b5f1f76ad551416a1e \
    --hash=sha256:aeb9ed923be74e659984e321f609b9ba54a48354bfd168d21a2b072ed1e833ea \
    --hash=sha256:c843b3f50d1ab7361ca4f0b3639bf691569493a56808a0b0c54a051d260b7dbd \
    --hash=sha256:cae865b1cae1ec2663d8ea56ef6ff185bad091a5e33ebbadd98de2cfa3fa668f \
    --hash=sha256:cc6bd4fd593cb261332568485e20a0712883cf631f6f5e8e86a52caa8b2b50ff \
    --hash=sha256:cf2402002d3d9f91c8b01e66fbb436a4ed01c6498fffed0e4c7566da1d40ee1e \
    --hash=sha256:d051ec1c64b85ecc69531e1137bb9751c6830772ee5c1c426dbcfe98ef5788d7 \
    --hash=sha256:d6631f2e867676b13026e2846180e2c13c1e11289d67da08d71cacb2cd93d4aa \
    --hash=sha256:dbd18bcf4889b720ba13a27ec2f2aac1981bd41203b3a3b27ba7a33f88ae4827 \
    --hash=sha256:df609c82f18c5b9f6cb97271f03315ff0dbe481a2a02e56aeb1b1a985ce38e60
    # via
    #   -r requirements/main.txt
    #   h5py
    #   keras-preprocessing
    #   opt-einsum
    #   tensorboard
    #   tensorflow
oauthlib==3.1.0 \
    --hash=sha256:bee41cc35fcca6e988463cacc3bcb8a96224f470ca547e697b604cc697b2f889 \
    --hash=sha256:df884cd6cbe20e32633f1db1072e9356f53638e4361bef4e8b03c9127c9328ea
    # via requests-oauthlib
opt-einsum==3.3.0 \
    --hash=sha256:2455e59e3947d3c275477df7f5205b30635e266fe6dc300e3d9f9646bfcea147 \
    --hash=sha256:59f6475f77bbc37dcf7cd748519c0ec60722e91e63ca114e68821c0c54a46549
    # via tensorflow
packaging==20.9 \
    --hash=sha256:5b327ac1320dc863dca72f4514ecc086f31186744b84a230374cc1fd776feae5 \
    --hash=sha256:67714da7f7bc052e064859c05c595155bd1ee9f69f76557e21f051443c20947a
    # via pytest
parse-type==0.5.2 \
    --hash=sha256:089a471b06327103865dfec2dd844230c3c658a4a1b5b4c8b6c16c8f77577f9e \
    --hash=sha256:7f690b18d35048c15438d6d0571f9045cffbec5907e0b1ccf006f889e3a38c0b
    # via pytest-bdd
parse==1.19.0 \
    --hash=sha256:9ff82852bcb65d139813e2a5197627a94966245c897796760a3a2a8eb66f020b
    # via
    #   parse-type
    #   pytest-bdd
pep517==0.10.0 \
    --hash=sha256:ac59f3f6b9726a49e15a649474539442cf76e0697e39df4869d25e68e880931b \
    --hash=sha256:eba39d201ef937584ad3343df3581069085bacc95454c80188291d5b3ac7a249
    # via pip-tools
pip-tools==6.1.0 \
    --hash=sha256:197e3f8839095ccec3ad1ef410e0804c07d9f17dff1c340fb417ca2b63feacc9 \
    --hash=sha256:400bf77e29cca48c31abc210042932bb52dcc138ef4ea4d52c5db429aa8ae6ee
    # via -r requirements/development.txt
pluggy==0.13.1 \
    --hash=sha256:15b2acde666561e1298d71b523007ed7364de07029219b604cf808bfa1c765b0 \
    --hash=sha256:966c145cd83c96502c3c3868f50408687b38434af77734af1e9ca461a4081d2d
    # via pytest
protobuf==3.17.0 \
    --hash=sha256:05c304396e309661c45e3a97bd2d8da1fc2bab743ed2ca880bcb757271c40c0e \
    --hash=sha256:05dfe9319939a8473c21b469f34f6486646e54fb8542637cf7ed8e2fbfe21538 \
    --hash=sha256:1488f786bd1912f97796cf5def8cacf433735616896cf7ed9dc786cee693dfc8 \
    --hash=sha256:15351df904347da2081a2eebc42b192c29724eb57dbe56dae440be843f1e4779 \
    --hash=sha256:295944ef0772498d7bf75f6aa5d4dfcfd02f5ce70f735b406e52e43ac3914d38 \
    --hash=sha256:2f77afe33bb86c7d34221a86193256d69aa10818620fe4a7513d98211d67d672 \
    --hash=sha256:3237acce5b666c7b0f45785cc2d0809796d4df3593bd68338aebf25408139188 \
    --hash=sha256:3b5c461af5a3cebd796c73370db929b7e24cbaba655eefdc044226bc8a843d6b \
    --hash=sha256:3d338910b10b88b18581cf6877b3938b2e262e8fdc2c1057f5a291787de63183 \
    --hash=sha256:44399393c3a8cc04a4cfbdc721dd7f2114497efda582e946a91b8c4290ae5ff5 \
    --hash=sha256:4c8d0997fdc0a4cf9de7950d598ce6974b22e8618bbcf1d15e9842010cf8420a \
    --hash=sha256:5356981c1919782b8c2e3ea5c5d85ad5937b8178a025ac9edc2f2ca5b4a717ae \
    --hash=sha256:809a96d5a1a74538728710f9104f43ae77f5e48bde274ee321b10a324ba52e4f \
    --hash=sha256:850f429bd2399525d339d05bc809f090f16d3d88737bed637d355a5ee8d3b81a \
    --hash=sha256:8a3ac375539055164f31a330770f137875307e6f04c21e2647f2e7139c501295 \
    --hash=sha256:939ce06846ddfec99c0bff510510b3ee45778e7a3aec6544d1f36526e5fecb67 \
    --hash=sha256:9ae321459d4890c3939c536382f75e232c9e91ce506310353c8a15ad5c379e0d \
    --hash=sha256:a29631f4f8bcf79b12a59e83d238d888de5034871461d788c74c68218ad75049 \
    --hash=sha256:acc9f2091ace3de429eee424ab7ba0bc52a6aa9ffc9909e5c4de259a3f71db46 \
    --hash=sha256:baea44967071e6a51e705e4e88aebf35f530a14004cc69f60a185e5d7e13de7e \
    --hash=sha256:bcaff977db178f0bfde10bab0d23a5f5adf5964adba70c315e45922a1c55eb90 \
    --hash=sha256:e32ef0c9f4b548c80d94dfff8b4130ca2ff3d50caaf2455889e3f5b8a01e8038 \
    --hash=sha256:eac0a2a7ea99e17175f6e7b53cdc9004ed786c072fbdf933def0e454e14fd323
    # via
    #   tensorboard
    #   tensorflow
py==1.10.0 \
    --hash=sha256:21b81bda15b66ef5e1a777a21c4dcd9c20ad3efd0b3f817e7a809035269e1bd3 \
    --hash=sha256:3b80836aa6d1feeaa108e046da6423ab8f6ceda6468545ae8d02d9d58d18818a
    # via
    #   pytest
    #   pytest-bdd
pyasn1-modules==0.2.8 \
    --hash=sha256:905f84c712230b2c592c19470d3ca8d552de726050d1d1716282a1f6146be65e \
    --hash=sha256:a50b808ffeb97cb3601dd25981f6b016cbb3d31fbf57a8b8a87428e6158d0c74
    # via google-auth
pyasn1==0.4.8 \
    --hash=sha256:39c7e2ec30515947ff4e87fb6f456dfc6e84857d34be479c9d4a4ba4bf46aa5d \
    --hash=sha256:aef77c9fb94a3ac588e87841208bdec464471d9871bd5050a287cc9a475cd0ba
    # via
    #   pyasn1-modules
    #   rsa
pycodestyle==2.7.0 \
    --hash=sha256:514f76d918fcc0b55c6680472f0a37970994e07bbb80725808c17089be302068 \
    --hash=sha256:c389c1d06bf7904078ca03399a4816f974a1d590090fecea0c63ec26ebaf1cef
    # via autopep8
pylint==2.8.2 \
    --hash=sha256:586d8fa9b1891f4b725f587ef267abe2a1bad89d6b184520c7f07a253dd6e217 \
    --hash=sha256:f7e2072654a6b6afdf5e2fb38147d3e2d2d43c89f648637baab63e026481279b
    # via -r requirements/development.txt
pyparsing==2.4.7 \
    --hash=sha256:c203ec8783bf771a155b207279b9bccb8dea02d8f0c9e5f8ead507bc3246ecc1 \
    --hash=sha256:ef9d7589ef3c200abe66653d3f1ab1033c3c419ae9b9bdb1240a85b024efc88b
    # via packaging
pytest-bdd==4.0.2 \
    --hash=sha256:74ea5a147ea558c99ae83d838e6acbe5c9e6843884a958f8231615d96838733d \
    --hash=sha256:982489f2f036c7561affe4eeb5b392a37e1ace2a9f260cad747b1c8119e63cfd
    # via -r requirements/development.txt
pytest==6.2.4 \
    --hash=sha256:50bcad0a0b9c5a72c8e4e7c9855a3ad496ca6a881a3641b4260605450772c54b \
    --hash=sha256:91ef2131a9bd6be8f76f1f08eac5c5317221d6ad1e143ae03894b862e8976890
    # via
    #   -r requirements/development.txt
    #   pytest-bdd
requests-oauthlib==1.3.0 \
    --hash=sha256:7f71572defaecd16372f9006f33c2ec8c077c3cfa6f5911a9a90202beb513f3d \
    --hash=sha256:b4261601a71fd721a8bd6d7aa1cc1d6a8a93b4a9f5e96626f8e4d91e8beeaa6a
    # via google-auth-oauthlib
requests==2.25.1 \
    --hash=sha256:27973dd4a904a4f13b263a19c866c13b92a39ed1c964655f025f3f8d3d75b804 \
    --hash=sha256:c210084e36a42ae6b9219e00e48287def368a26d03a048ddad7bfee44f75871e
    # via
    #   requests-oauthlib
    #   tensorboard
rsa==4.7.2 \
    --hash=sha256:78f9a9bf4e7be0c5ded4583326e7461e3a3c5aae24073648b4bdfa797d78c9d2 \
    --hash=sha256:9d689e6ca1b3038bc82bf8d23e944b6b6037bc02301a574935b2dd946e0353b9
    # via google-auth
six==1.15.0 \
    --hash=sha256:30639c035cdb23534cd4aa2dd52c3bf48f06e5f4a941509c8bafd8ce11080259 \
    --hash=sha256:8b74bedcbbbaca38ff6d7491d76f2b06b3592611af620f8426e82dddb04a5ced
    # via
    #   absl-py
    #   astunparse
    #   google-auth
    #   google-pasta
    #   grpcio
    #   keras-preprocessing
    #   parse-type
    #   protobuf
    #   pytest-bdd
    #   tensorflow
tensorboard-data-server==0.6.1 \
    --hash=sha256:809fe9887682d35c1f7d1f54f0f40f98bb1f771b14265b453ca051e2ce58fca7 \
    --hash=sha256:d8237580755e58eff68d1f3abefb5b1e39ae5c8b127cc40920f9c4fb33f4b98a \
    --hash=sha256:fa8cef9be4fcae2f2363c88176638baf2da19c5ec90addb49b1cde05c95c88ee
    # via tensorboard
tensorboard-plugin-wit==1.8.0 \
    --hash=sha256:2a80d1c551d741e99b2f197bb915d8a133e24adb8da1732b840041860f91183a
    # via tensorboard
tensorboard==2.5.0 \
    --hash=sha256:e167460085b6528956b33bab1c970c989cdce47a6616273880733f5e7bde452e
    # via tensorflow
tensorflow-estimator==2.5.0 \
    --hash=sha256:d1fe76dee8b1dcab865d807a0246da0a9c4a635b1eba6e9545bf216c3aad6955
    # via tensorflow
tensorflow==2.5.0 \
    --hash=sha256:1ea003f9e11508d0336c242a2a3bc73aea205dd5b31892c3e1d7f5d0f0e60c0a \
    --hash=sha256:31a3ea994c336fc5a6ba0e6d61f131262b2c6dbff97e2b7473ff6da0cf9383f7 \
    --hash=sha256:34ab87aac9093de98cbba68d7e8dca9159c36acd06a03e5749c956c7ab08d9da \
    --hash=sha256:46f10a2edc694bb54a2d869a65b5a09705dab1874a89b529990a943416ad48aa \
    --hash=sha256:4edec9b9f6ef8f1407762a3a6bd050173177f686d5ea6b59e91487b645173f73 \
    --hash=sha256:616bc8094cb289b3bd21eded2196b0dba65bce53bad112efcaf2acb6f7d9e6a5 \
    --hash=sha256:68b70ca7df7f5f8fbe3d7240e937b3ea8b1a25e51710f60293e7edada00257a2 \
    --hash=sha256:739d25273ccc10fedc74517de099bd5b16a274d1295fad6bfef834ad28cc3401 \
    --hash=sha256:7e1351ce05b897d5cf1042066b6929ca3f595a717849421ae92dbe8d6d2f1c74 \
    --hash=sha256:baebb9c95ef1815bb410317ad525dd3dbb26064fe95636b51486459b6536bc6e \
    --hash=sha256:c45059b42bca01ce441004abb965acf7838b40d12e036920063bd7ac540def9a \
    --hash=sha256:c46b1d1b0eec54577d7ba545e3951c9dd0355ca05a8eb776c95d9a3e22e7be9c
    # via -r requirements/main.txt
termcolor==1.1.0 \
    --hash=sha256:1d6d69ce66211143803fbc56652b41d73b4a400a2891d7bf7a1cdf4c02de613b
    # via tensorflow
toml==0.10.2 \
    --hash=sha256:806143ae5bfb6a3c6e736a764057db0e6a0e05e338b5630894a5f779cabb4f9b \
    --hash=sha256:b3bda1d108d5dd99f4a20d24d9c348e91c4db7ab1b749200bded2f839ccbe68f
    # via
    #   autopep8
    #   pep517
    #   pylint
    #   pytest
typed-ast==1.4.3 \
    --hash=sha256:01ae5f73431d21eead5015997ab41afa53aa1fbe252f9da060be5dad2c730ace \
    --hash=sha256:067a74454df670dcaa4e59349a2e5c81e567d8d65458d480a5b3dfecec08c5ff \
    --hash=sha256:0fb71b8c643187d7492c1f8352f2c15b4c4af3f6338f21681d3681b3dc31a266 \
    --hash=sha256:1b3ead4a96c9101bef08f9f7d1217c096f31667617b58de957f690c92378b528 \
    --hash=sha256:2068531575a125b87a41802130fa7e29f26c09a2833fea68d9a40cf33902eba6 \
    --hash=sha256:209596a4ec71d990d71d5e0d312ac935d86930e6eecff6ccc7007fe54d703808 \
    --hash=sha256:2c726c276d09fc5c414693a2de063f521052d9ea7c240ce553316f70656c84d4 \
    --hash=sha256:398e44cd480f4d2b7ee8d98385ca104e35c81525dd98c519acff1b79bdaac363 \
    --hash=sha256:52b1eb8c83f178ab787f3a4283f68258525f8d70f778a2f6dd54d3b5e5fb4341 \
    --hash=sha256:5feca99c17af94057417d744607b82dd0a664fd5e4ca98061480fd8b14b18d04 \
    --hash=sha256:7538e495704e2ccda9b234b82423a4038f324f3a10c43bc088a1636180f11a41 \
    --hash=sha256:760ad187b1041a154f0e4d0f6aae3e40fdb51d6de16e5c99aedadd9246450e9e \
    --hash=sha256:777a26c84bea6cd934422ac2e3b78863a37017618b6e5c08f92ef69853e765d3 \
    --hash=sha256:95431a26309a21874005845c21118c83991c63ea800dd44843e42a916aec5899 \
    --hash=sha256:9ad2c92ec681e02baf81fdfa056fe0d818645efa9af1f1cd5fd6f1bd2bdfd805 \
    --hash=sha256:9c6d1a54552b5330bc657b7ef0eae25d00ba7ffe85d9ea8ae6540d2197a3788c \
    --hash=sha256:aee0c1256be6c07bd3e1263ff920c325b59849dc95392a05f258bb9b259cf39c \
    --hash=sha256:af3d4a73793725138d6b334d9d247ce7e5f084d96284ed23f22ee626a7b88e39 \
    --hash=sha256:b36b4f3920103a25e1d5d024d155c504080959582b928e91cb608a65c3a49e1a \
    --hash=sha256:b9574c6f03f685070d859e75c7f9eeca02d6933273b5e69572e5ff9d5e3931c3 \
    --hash=sha256:bff6ad71c81b3bba8fa35f0f1921fb24ff4476235a6e94a26ada2e54370e6da7 \
    --hash=sha256:c190f0899e9f9f8b6b7863debfb739abcb21a5c054f911ca3596d12b8a4c4c7f \
    --hash=sha256:c907f561b1e83e93fad565bac5ba9c22d96a54e7ea0267c708bffe863cbe4075 \
    --hash=sha256:cae53c389825d3b46fb37538441f75d6aecc4174f615d048321b716df2757fb0 \
    --hash=sha256:dd4a21253f42b8d2b48410cb31fe501d32f8b9fbeb1f55063ad102fe9c425e40 \
    --hash=sha256:dde816ca9dac1d9c01dd504ea5967821606f02e510438120091b84e852367428 \
    --hash=sha256:f2362f3cb0f3172c42938946dbc5b7843c2a28aec307c49100c8b38764eb6927 \
    --hash=sha256:f328adcfebed9f11301eaedfa48e15bdece9b519fb27e6a8c01aa52a17ec31b3 \
    --hash=sha256:f8afcf15cc511ada719a88e013cec87c11aff7b91f019295eb4530f96fe5ef2f \
    --hash=sha256:fb1bbeac803adea29cedd70781399c99138358c26d05fcbd23c13016b7f5ec65
    # via mypy
typing-extensions==3.7.4.3 \
    --hash=sha256:7cb407020f00f7bfc3cb3e7881628838e69d8f3fcab2f64742a5e76b2f841918 \
    --hash=sha256:99d4073b617d30288f569d3f13d2bd7548c3a7e4c8de87db09a9d29bb3a4a60c \
    --hash=sha256:dafc7639cde7f1b6e1acc0f457842a83e722ccca8eef5270af2d74792619a89f
    # via
    #   mypy
    #   tensorflow
urllib3==1.26.4 \
    --hash=sha256:2f4da4594db7e1e110a944bb1b551fdf4e6c136ad42e4234131391e21eb5b0df \
    --hash=sha256:e7b021f7241115872f92f43c6508082facffbd1c048e3c6e2bb9c2a157e28937
    # via requests
werkzeug==2.0.1 \
    --hash=sha256:1de1db30d010ff1af14a009224ec49ab2329ad2cde454c8a708130642d579c42 \
    --hash=sha256:6c1ec500dcdba0baa27600f6a22f6333d8b662d22027ff9f6202e3367413caa8
    # via tensorboard
wheel==0.36.2 \
    --hash=sha256:78b5b185f0e5763c26ca1e324373aadd49182ca90e825f7853f4b2509215dc0e \
    --hash=sha256:e11eefd162658ea59a60a0f6c7d493a7190ea4b9a85e335b33489d9f17e0245e
    # via
    #   astunparse
    #   tensorboard
    #   tensorflow
wrapt==1.12.1 \
    --hash=sha256:b62ffa81fb85f4332a4f609cab4ac40709470da05643a082ec1eb88e6d9b97d7
    # via
    #   astroid
    #   tensorflow

# WARNING: The following packages were not pinned, but pip requires them to be
# pinned when the requirements file includes hashes. Consider using the --allow-unsafe flag.
# pip
# setuptools
